
Microsoft Visual Studio Solution File, Format Version 12.00
# Visual Studio Version 17
VisualStudioVersion = 17.14.36705.20 d17.14
MinimumVisualStudioVersion = 10.0.40219.1
Project("{FAE04EC0-301F-11D3-BF4B-00C04F79EFBC}") = "ApplicationForFiscalPrinter", "ApplicationForFiscalPrinter\ApplicationForFiscalPrinter.csproj", "{15D7CFB4-74D3-4A65-9DCC-AEC2C1F1310A}"
EndProject
Global
	GlobalSection(SolutionConfigurationPlatforms) = preSolution
		Debug|Any CPU = Debug|Any CPU
		Release|Any CPU = Release|Any CPU
	EndGlobalSection
	GlobalSection(ProjectConfigurationPlatforms) = postSolution
		{15D7CFB4-74D3-4A65-9DCC-AEC2C1F1310A}.Debug|Any CPU.ActiveCfg = Debug|Any CPU
		{15D7CFB4-74D3-4A65-9DCC-AEC2C1F1310A}.Debug|Any CPU.Build.0 = Debug|Any CPU
		{15D7CFB4-74D3-4A65-9DCC-AEC2C1F1310A}.Release|Any CPU.ActiveCfg = Release|Any CPU
		{15D7CFB4-74D3-4A65-9DCC-AEC2C1F1310A}.Release|Any CPU.Build.0 = Release|Any CPU
	EndGlobalSection
	GlobalSection(SolutionProperties) = preSolution
		HideSolutionNode = FALSE
	EndGlobalSection
	GlobalSection(ExtensibilityGlobals) = postSolution
		SolutionGuid = {23E73C5A-EC4E-49F9-AE2F-AAFA03965EAC}
	EndGlobalSection
EndGlobal
